
Microsoft Visual Studio Solution File, Format Version 12.00
# Visual Studio Version 17
VisualStudioVersion = 17.9.34728.123
MinimumVisualStudioVersion = 10.0.40219.1
Project("{FAE04EC0-301F-11D3-BF4B-00C04F79EFBC}") = "ExercI", "ExercI\ExercI.csproj", "{7DE6F5B1-65B5-4E90-8576-93FD364F7B18}"
EndProject
Global
	GlobalSection(SolutionConfigurationPlatforms) = preSolution
		Debug|Any CPU = Debug|Any CPU
		Release|Any CPU = Release|Any CPU
	EndGlobalSection
	GlobalSection(ProjectConfigurationPlatforms) = postSolution
		{7DE6F5B1-65B5-4E90-8576-93FD364F7B18}.Debug|Any CPU.ActiveCfg = Debug|Any CPU
		{7DE6F5B1-65B5-4E90-8576-93FD364F7B18}.Debug|Any CPU.Build.0 = Debug|Any CPU
		{7DE6F5B1-65B5-4E90-8576-93FD364F7B18}.Release|Any CPU.ActiveCfg = Release|Any CPU
		{7DE6F5B1-65B5-4E90-8576-93FD364F7B18}.Release|Any CPU.Build.0 = Release|Any CPU
	EndGlobalSection
	GlobalSection(SolutionProperties) = preSolution
		HideSolutionNode = FALSE
	EndGlobalSection
	GlobalSection(ExtensibilityGlobals) = postSolution
		SolutionGuid = {95D6A20A-EAED-4A31-BDAB-16D440248C31}
	EndGlobalSection
EndGlobal
