
Microsoft Visual Studio Solution File, Format Version 12.00
# Visual Studio Version 17
VisualStudioVersion = 17.9.34728.123
MinimumVisualStudioVersion = 10.0.40219.1
Project("{FAE04EC0-301F-11D3-BF4B-00C04F79EFBC}") = "ExercH", "ExercH.csproj", "{A9FC6436-D64D-4DD5-BBAC-7017F27795D6}"
EndProject
Global
	GlobalSection(SolutionConfigurationPlatforms) = preSolution
		Debug|Any CPU = Debug|Any CPU
		Release|Any CPU = Release|Any CPU
	EndGlobalSection
	GlobalSection(ProjectConfigurationPlatforms) = postSolution
		{A9FC6436-D64D-4DD5-BBAC-7017F27795D6}.Debug|Any CPU.ActiveCfg = Debug|Any CPU
		{A9FC6436-D64D-4DD5-BBAC-7017F27795D6}.Debug|Any CPU.Build.0 = Debug|Any CPU
		{A9FC6436-D64D-4DD5-BBAC-7017F27795D6}.Release|Any CPU.ActiveCfg = Release|Any CPU
		{A9FC6436-D64D-4DD5-BBAC-7017F27795D6}.Release|Any CPU.Build.0 = Release|Any CPU
	EndGlobalSection
	GlobalSection(SolutionProperties) = preSolution
		HideSolutionNode = FALSE
	EndGlobalSection
	GlobalSection(ExtensibilityGlobals) = postSolution
		SolutionGuid = {61864128-FAA0-4DAB-96A5-27ECD0C2A355}
	EndGlobalSection
EndGlobal
