
Microsoft Visual Studio Solution File, Format Version 12.00
# Visual Studio Version 17
VisualStudioVersion = 17.9.34728.123
MinimumVisualStudioVersion = 10.0.40219.1
Project("{FAE04EC0-301F-11D3-BF4B-00C04F79EFBC}") = "ExercD", "ExercD.csproj", "{D27C9B59-9D45-411A-BC9A-101E349DED4D}"
EndProject
Global
	GlobalSection(SolutionConfigurationPlatforms) = preSolution
		Debug|Any CPU = Debug|Any CPU
		Release|Any CPU = Release|Any CPU
	EndGlobalSection
	GlobalSection(ProjectConfigurationPlatforms) = postSolution
		{D27C9B59-9D45-411A-BC9A-101E349DED4D}.Debug|Any CPU.ActiveCfg = Debug|Any CPU
		{D27C9B59-9D45-411A-BC9A-101E349DED4D}.Debug|Any CPU.Build.0 = Debug|Any CPU
		{D27C9B59-9D45-411A-BC9A-101E349DED4D}.Release|Any CPU.ActiveCfg = Release|Any CPU
		{D27C9B59-9D45-411A-BC9A-101E349DED4D}.Release|Any CPU.Build.0 = Release|Any CPU
	EndGlobalSection
	GlobalSection(SolutionProperties) = preSolution
		HideSolutionNode = FALSE
	EndGlobalSection
	GlobalSection(ExtensibilityGlobals) = postSolution
		SolutionGuid = {A9235489-63EF-47E6-9774-EC5729CFB1D9}
	EndGlobalSection
EndGlobal
