
Microsoft Visual Studio Solution File, Format Version 12.00
# Visual Studio Version 17
VisualStudioVersion = 17.9.34728.123
MinimumVisualStudioVersion = 10.0.40219.1
Project("{FAE04EC0-301F-11D3-BF4B-00C04F79EFBC}") = "ExercD", "ExercD.csproj", "{94167E8D-25F0-4A07-A3A5-9C2DE5FAAEEC}"
EndProject
Global
	GlobalSection(SolutionConfigurationPlatforms) = preSolution
		Debug|Any CPU = Debug|Any CPU
		Release|Any CPU = Release|Any CPU
	EndGlobalSection
	GlobalSection(ProjectConfigurationPlatforms) = postSolution
		{94167E8D-25F0-4A07-A3A5-9C2DE5FAAEEC}.Debug|Any CPU.ActiveCfg = Debug|Any CPU
		{94167E8D-25F0-4A07-A3A5-9C2DE5FAAEEC}.Debug|Any CPU.Build.0 = Debug|Any CPU
		{94167E8D-25F0-4A07-A3A5-9C2DE5FAAEEC}.Release|Any CPU.ActiveCfg = Release|Any CPU
		{94167E8D-25F0-4A07-A3A5-9C2DE5FAAEEC}.Release|Any CPU.Build.0 = Release|Any CPU
	EndGlobalSection
	GlobalSection(SolutionProperties) = preSolution
		HideSolutionNode = FALSE
	EndGlobalSection
	GlobalSection(ExtensibilityGlobals) = postSolution
		SolutionGuid = {95AD9498-F314-4922-B27B-7C117CA8DB1B}
	EndGlobalSection
EndGlobal
