
Microsoft Visual Studio Solution File, Format Version 12.00
# Visual Studio Version 17
VisualStudioVersion = 17.9.34728.123
MinimumVisualStudioVersion = 10.0.40219.1
Project("{FAE04EC0-301F-11D3-BF4B-00C04F79EFBC}") = "ExercK", "ExercK.csproj", "{F74BD000-D234-428F-BF00-197C38057AEB}"
EndProject
Global
	GlobalSection(SolutionConfigurationPlatforms) = preSolution
		Debug|Any CPU = Debug|Any CPU
		Release|Any CPU = Release|Any CPU
	EndGlobalSection
	GlobalSection(ProjectConfigurationPlatforms) = postSolution
		{F74BD000-D234-428F-BF00-197C38057AEB}.Debug|Any CPU.ActiveCfg = Debug|Any CPU
		{F74BD000-D234-428F-BF00-197C38057AEB}.Debug|Any CPU.Build.0 = Debug|Any CPU
		{F74BD000-D234-428F-BF00-197C38057AEB}.Release|Any CPU.ActiveCfg = Release|Any CPU
		{F74BD000-D234-428F-BF00-197C38057AEB}.Release|Any CPU.Build.0 = Release|Any CPU
	EndGlobalSection
	GlobalSection(SolutionProperties) = preSolution
		HideSolutionNode = FALSE
	EndGlobalSection
	GlobalSection(ExtensibilityGlobals) = postSolution
		SolutionGuid = {BFC5F666-828D-4C08-9434-E89B6A9F39E1}
	EndGlobalSection
EndGlobal
